<?xml version="1.0" encoding="utf-8"?>
<Project ToolsVersion="4.0" xmlns="http://schemas.microsoft.com/developer/msbuild/2003">
  <ItemGroup>
    <Filter Include="Source Files">
      <UniqueIdentifier>{4FC737F1-C7A5-4376-A066-2A32D752A2FF}</UniqueIdentifier>
      <Extensions>cpp;c;cc;cxx;def;odl;idl;hpj;bat;asm;asmx</Extensions>
    </Filter>
    <Filter Include="Header Files">
      <UniqueIdentifier>{93995380-89BD-4b04-88EB-625FBE52EBFB}</UniqueIdentifier>
      <Extensions>h;hh;hpp;hxx;hm;inl;inc;xsd</Extensions>
    </Filter>
    <Filter Include="Resource Files">
      <UniqueIdentifier>{67DA6AB6-F800-4c08-8B7A-83BB121AAD01}</UniqueIdentifier>
      <Extensions>rc;ico;cur;bmp;dlg;rc2;rct;bin;rgs;gif;jpg;jpeg;jpe;resx;tiff;tif;png;wav;mfcribbon-ms</Extensions>
    </Filter>
    <Filter Include="Header Files\game">
      <UniqueIdentifier>{462a0db6-1185-467a-8929-ad33837b5717}</UniqueIdentifier>
    </Filter>
    <Filter Include="Source Files\game">
      <UniqueIdentifier>{96693dee-838a-47ba-8369-69da82552bd9}</UniqueIdentifier>
    </Filter>
    <Filter Include="Header Files\background">
      <UniqueIdentifier>{a81564a8-52b3-4918-b612-fc90649ff5d3}</UniqueIdentifier>
    </Filter>
    <Filter Include="Source Files\background">
      <UniqueIdentifier>{c299bcb5-0368-4e2f-a0f2-48d8f3357cd5}</UniqueIdentifier>
    </Filter>
  </ItemGroup>
  <ItemGroup>
    <ClInclude Include="include\CommandIds.hpp">
      <Filter>Header Files</Filter>
    </ClInclude>
    <ClInclude Include="include\MenuMainState.hpp">
      <Filter>Header Files</Filter>
    </ClInclude>
    <ClInclude Include="include\MenuOptionState.hpp">
      <Filter>Header Files</Filter>
    </ClInclude>
    <ClInclude Include="include\StateIds.hpp">
      <Filter>Header Files</Filter>
    </ClInclude>
    <ClInclude Include="include\MenuPauseState.hpp">
      <Filter>Header Files</Filter>
    </ClInclude>
    <ClInclude Include="include\MenuHighScores.hpp">
      <Filter>Header Files</Filter>
    </ClInclude>
    <ClInclude Include="include\GameOverState.hpp">
      <Filter>Header Files\game</Filter>
    </ClInclude>
    <ClInclude Include="include\LMAlienController.hpp">
      <Filter>Header Files\game</Filter>
    </ClInclude>
    <ClInclude Include="include\LMAsteroidController.hpp">
      <Filter>Header Files\game</Filter>
    </ClInclude>
    <ClInclude Include="include\LMBulletController.hpp">
      <Filter>Header Files\game</Filter>
    </ClInclude>
    <ClInclude Include="include\LMCollisionComponent.hpp">
      <Filter>Header Files\game</Filter>
    </ClInclude>
    <ClInclude Include="include\LMCollisionWorld.hpp">
      <Filter>Header Files\game</Filter>
    </ClInclude>
    <ClInclude Include="include\LMEarlyWarning.hpp">
      <Filter>Header Files\game</Filter>
    </ClInclude>
    <ClInclude Include="include\LMGameController.hpp">
      <Filter>Header Files\game</Filter>
    </ClInclude>
    <ClInclude Include="include\LMHumanController.hpp">
      <Filter>Header Files\game</Filter>
    </ClInclude>
    <ClInclude Include="include\LMMothershipController.hpp">
      <Filter>Header Files\game</Filter>
    </ClInclude>
    <ClInclude Include="include\LMPlayerController.hpp">
      <Filter>Header Files\game</Filter>
    </ClInclude>
    <ClInclude Include="include\LMPlayerInfoDisplay.hpp">
      <Filter>Header Files\game</Filter>
    </ClInclude>
    <ClInclude Include="include\LMPlayerState.hpp">
      <Filter>Header Files\game</Filter>
    </ClInclude>
    <ClInclude Include="include\LMRoundSummary.hpp">
      <Filter>Header Files\game</Filter>
    </ClInclude>
    <ClInclude Include="include\LMSpeedMeter.hpp">
      <Filter>Header Files\game</Filter>
    </ClInclude>
    <ClInclude Include="include\LMState.hpp">
      <Filter>Header Files\game</Filter>
    </ClInclude>
    <ClInclude Include="include\LMTerrain.hpp">
      <Filter>Header Files\game</Filter>
    </ClInclude>
    <ClInclude Include="include\Game.hpp">
      <Filter>Header Files</Filter>
    </ClInclude>
    <ClInclude Include="include\MenuBackgroundState.hpp">
      <Filter>Header Files</Filter>
    </ClInclude>
    <ClInclude Include="include\BGPlanetDrawable.hpp">
      <Filter>Header Files\background</Filter>
    </ClInclude>
    <ClInclude Include="include\BGNormalBlendShader.hpp">
      <Filter>Header Files\background</Filter>
    </ClInclude>
    <ClInclude Include="include\LMSoundPlayer.hpp">
      <Filter>Header Files\game</Filter>
    </ClInclude>
    <ClInclude Include="include\BGScoreboardMask.hpp">
      <Filter>Header Files\background</Filter>
    </ClInclude>
    <ClInclude Include="include\BGStarfield.hpp">
      <Filter>Header Files\background</Filter>
    </ClInclude>
    <ClInclude Include="include\LMShieldDrawable.hpp">
      <Filter>Header Files\game</Filter>
    </ClInclude>
    <ClInclude Include="include\LMLaserSight.hpp">
      <Filter>Header Files\game</Filter>
    </ClInclude>
    <ClInclude Include="include\LMSpriteBatch.hpp">
      <Filter>Header Files\game</Filter>
    </ClInclude>
    <ClInclude Include="include\LMNukeDrawable.hpp">
      <Filter>Header Files\game</Filter>
    </ClInclude>
    <ClInclude Include="include\LMPostBlur.hpp">
      <Filter>Header Files\game</Filter>
    </ClInclude>
  </ItemGroup>
  <ItemGroup>
    <ClCompile Include="src\main.cpp">
      <Filter>Source Files</Filter>
    </ClCompile>
    <ClCompile Include="src\MenuMainState.cpp">
      <Filter>Source Files</Filter>
    </ClCompile>
    <ClCompile Include="src\MenuOptionState.cpp">
      <Filter>Source Files</Filter>
    </ClCompile>
    <ClCompile Include="src\MenuPauseState.cpp">
      <Filter>Source Files</Filter>
    </ClCompile>
    <ClCompile Include="src\MenuHighScores.cpp">
      <Filter>Source Files</Filter>
    </ClCompile>
    <ClCompile Include="src\GameOverState.cpp">
      <Filter>Source Files\game</Filter>
    </ClCompile>
    <ClCompile Include="src\LMAlienController.cpp">
      <Filter>Source Files\game</Filter>
    </ClCompile>
    <ClCompile Include="src\LMAsteroidController.cpp">
      <Filter>Source Files\game</Filter>
    </ClCompile>
    <ClCompile Include="src\LMBulletController.cpp">
      <Filter>Source Files\game</Filter>
    </ClCompile>
    <ClCompile Include="src\LMCollisionComponent.cpp">
      <Filter>Source Files\game</Filter>
    </ClCompile>
    <ClCompile Include="src\LMCollisionWorld.cpp">
      <Filter>Source Files\game</Filter>
    </ClCompile>
    <ClCompile Include="src\LMEarlyWarning.cpp">
      <Filter>Source Files\game</Filter>
    </ClCompile>
    <ClCompile Include="src\LMGameController.cpp">
      <Filter>Source Files\game</Filter>
    </ClCompile>
    <ClCompile Include="src\LMHumanController.cpp">
      <Filter>Source Files\game</Filter>
    </ClCompile>
    <ClCompile Include="src\LMMothershipController.cpp">
      <Filter>Source Files\game</Filter>
    </ClCompile>
    <ClCompile Include="src\LMPlayerController.cpp">
      <Filter>Source Files\game</Filter>
    </ClCompile>
    <ClCompile Include="src\LMPlayerInfoDisplay.cpp">
      <Filter>Source Files\game</Filter>
    </ClCompile>
    <ClCompile Include="src\LMRoundSummary.cpp">
      <Filter>Source Files\game</Filter>
    </ClCompile>
    <ClCompile Include="src\LMSpeedMeter.cpp">
      <Filter>Source Files\game</Filter>
    </ClCompile>
    <ClCompile Include="src\LMState.cpp">
      <Filter>Source Files\game</Filter>
    </ClCompile>
    <ClCompile Include="src\LMTerrain.cpp">
      <Filter>Source Files\game</Filter>
    </ClCompile>
    <ClCompile Include="src\Game.cpp">
      <Filter>Source Files</Filter>
    </ClCompile>
    <ClCompile Include="src\MenuBackgroundState.cpp">
      <Filter>Source Files</Filter>
    </ClCompile>
    <ClCompile Include="src\BGPlanetDrawable.cpp">
      <Filter>Source Files\background</Filter>
    </ClCompile>
    <ClCompile Include="src\LMSoundPlayer.cpp">
      <Filter>Source Files\game</Filter>
    </ClCompile>
    <ClCompile Include="src\BGScoreMask.cpp">
      <Filter>Source Files\background</Filter>
    </ClCompile>
    <ClCompile Include="src\BGStarField.cpp">
      <Filter>Source Files\background</Filter>
    </ClCompile>
    <ClCompile Include="src\LMShieldDrawable.cpp">
      <Filter>Source Files\game</Filter>
    </ClCompile>
    <ClCompile Include="src\LMLaserSight.cpp">
      <Filter>Source Files\game</Filter>
    </ClCompile>
    <ClCompile Include="src\LMSpriteBatch.cpp">
      <Filter>Source Files\game</Filter>
    </ClCompile>
    <ClCompile Include="src\LMNukeDrawable.cpp">
      <Filter>Source Files\game</Filter>
    </ClCompile>
    <ClCompile Include="src\LMPostBlur.cpp">
      <Filter>Source Files\game</Filter>
    </ClCompile>
  </ItemGroup>
</Project>